
Microsoft Visual Studio Solution File, Format Version 12.00
# Visual Studio Version 16
VisualStudioVersion = 16.0.30717.126
MinimumVisualStudioVersion = 10.0.40219.1
Project("{FAE04EC0-301F-11D3-BF4B-00C04F79EFBC}") = "DemoConsoleApp", "DemoConsoleApp\DemoConsoleApp.csproj", "{29D86B66-CA2B-4AF5-A561-476E18FF9934}"
EndProject
Project("{FAE04EC0-301F-11D3-BF4B-00C04F79EFBC}") = "DemoComsoleAppAutofac", "DemoComsoleAppAutofac\DemoComsoleAppAutofac.csproj", "{88022DC8-70E7-4733-A5C8-0DA156A20667}"
EndProject
Project("{FAE04EC0-301F-11D3-BF4B-00C04F79EFBC}") = "DemoConsoleApp.Shared", "DemoConsoleApp.Shared\DemoConsoleApp.Shared.csproj", "{14AEF3AA-845F-42DD-8C39-EA13CCEEBFDA}"
EndProject
Project("{2150E333-8FDC-42A3-9474-1A3956D46DE8}") = "Solution Items", "Solution Items", "{86CB35EB-C675-4147-A912-E7F45E07ED60}"
	ProjectSection(SolutionItems) = preProject
		README.txt = README.txt
	EndProjectSection
EndProject
Global
	GlobalSection(SolutionConfigurationPlatforms) = preSolution
		Debug|Any CPU = Debug|Any CPU
		Release|Any CPU = Release|Any CPU
	EndGlobalSection
	GlobalSection(ProjectConfigurationPlatforms) = postSolution
		{29D86B66-CA2B-4AF5-A561-476E18FF9934}.Debug|Any CPU.ActiveCfg = Debug|Any CPU
		{29D86B66-CA2B-4AF5-A561-476E18FF9934}.Debug|Any CPU.Build.0 = Debug|Any CPU
		{29D86B66-CA2B-4AF5-A561-476E18FF9934}.Release|Any CPU.ActiveCfg = Release|Any CPU
		{29D86B66-CA2B-4AF5-A561-476E18FF9934}.Release|Any CPU.Build.0 = Release|Any CPU
		{88022DC8-70E7-4733-A5C8-0DA156A20667}.Debug|Any CPU.ActiveCfg = Debug|Any CPU
		{88022DC8-70E7-4733-A5C8-0DA156A20667}.Debug|Any CPU.Build.0 = Debug|Any CPU
		{88022DC8-70E7-4733-A5C8-0DA156A20667}.Release|Any CPU.ActiveCfg = Release|Any CPU
		{88022DC8-70E7-4733-A5C8-0DA156A20667}.Release|Any CPU.Build.0 = Release|Any CPU
		{14AEF3AA-845F-42DD-8C39-EA13CCEEBFDA}.Debug|Any CPU.ActiveCfg = Debug|Any CPU
		{14AEF3AA-845F-42DD-8C39-EA13CCEEBFDA}.Debug|Any CPU.Build.0 = Debug|Any CPU
		{14AEF3AA-845F-42DD-8C39-EA13CCEEBFDA}.Release|Any CPU.ActiveCfg = Release|Any CPU
		{14AEF3AA-845F-42DD-8C39-EA13CCEEBFDA}.Release|Any CPU.Build.0 = Release|Any CPU
	EndGlobalSection
	GlobalSection(SolutionProperties) = preSolution
		HideSolutionNode = FALSE
	EndGlobalSection
	GlobalSection(ExtensibilityGlobals) = postSolution
		SolutionGuid = {20493836-B6F2-4E76-A58A-95066D44BF5C}
	EndGlobalSection
EndGlobal
